
Microsoft Visual Studio Solution File, Format Version 12.00
# Visual Studio Version 17
VisualStudioVersion = 17.11.35312.102
MinimumVisualStudioVersion = 10.0.40219.1
Project("{FAE04EC0-301F-11D3-BF4B-00C04F79EFBC}") = "OOP", "OOP\OOP.csproj", "{63B14C0B-90D9-4F0B-9609-FEC8FA10FBA4}"
EndProject
Global
	GlobalSection(SolutionConfigurationPlatforms) = preSolution
		Debug|Any CPU = Debug|Any CPU
		Release|Any CPU = Release|Any CPU
	EndGlobalSection
	GlobalSection(ProjectConfigurationPlatforms) = postSolution
		{63B14C0B-90D9-4F0B-9609-FEC8FA10FBA4}.Debug|Any CPU.ActiveCfg = Debug|Any CPU
		{63B14C0B-90D9-4F0B-9609-FEC8FA10FBA4}.Debug|Any CPU.Build.0 = Debug|Any CPU
		{63B14C0B-90D9-4F0B-9609-FEC8FA10FBA4}.Release|Any CPU.ActiveCfg = Release|Any CPU
		{63B14C0B-90D9-4F0B-9609-FEC8FA10FBA4}.Release|Any CPU.Build.0 = Release|Any CPU
	EndGlobalSection
	GlobalSection(SolutionProperties) = preSolution
		HideSolutionNode = FALSE
	EndGlobalSection
	GlobalSection(ExtensibilityGlobals) = postSolution
		SolutionGuid = {EE168C03-7D43-4A4A-BB36-D25D3B99331C}
	EndGlobalSection
EndGlobal
